
Microsoft Visual Studio Solution File, Format Version 12.00
# Visual Studio Version 17
VisualStudioVersion = 17.2.32526.322
MinimumVisualStudioVersion = 10.0.40219.1
Project("{FAE04EC0-301F-11D3-BF4B-00C04F79EFBC}") = "1 Intro to C Sharp", "1 Intro to C Sharp.csproj", "{59C35565-4F5E-404A-AC66-9528B1878CFA}"
EndProject
Global
	GlobalSection(SolutionConfigurationPlatforms) = preSolution
		Debug|Any CPU = Debug|Any CPU
		Release|Any CPU = Release|Any CPU
	EndGlobalSection
	GlobalSection(ProjectConfigurationPlatforms) = postSolution
		{59C35565-4F5E-404A-AC66-9528B1878CFA}.Debug|Any CPU.ActiveCfg = Debug|Any CPU
		{59C35565-4F5E-404A-AC66-9528B1878CFA}.Debug|Any CPU.Build.0 = Debug|Any CPU
		{59C35565-4F5E-404A-AC66-9528B1878CFA}.Release|Any CPU.ActiveCfg = Release|Any CPU
		{59C35565-4F5E-404A-AC66-9528B1878CFA}.Release|Any CPU.Build.0 = Release|Any CPU
	EndGlobalSection
	GlobalSection(SolutionProperties) = preSolution
		HideSolutionNode = FALSE
	EndGlobalSection
	GlobalSection(ExtensibilityGlobals) = postSolution
		SolutionGuid = {0BFCD227-C806-486A-9D5C-B249631DD5D3}
	EndGlobalSection
EndGlobal
